
Microsoft Visual Studio Solution File, Format Version 12.00
# Visual Studio Version 17
VisualStudioVersion = 17.0.32112.339
MinimumVisualStudioVersion = 10.0.40219.1
Project("{FAE04EC0-301F-11D3-BF4B-00C04F79EFBC}") = "Multiplication_table_to_100", "Multiplication_table_to_100.csproj", "{087E2BDC-B071-4F3A-B0EB-5095B5FF12DE}"
EndProject
Global
	GlobalSection(SolutionConfigurationPlatforms) = preSolution
		Debug|Any CPU = Debug|Any CPU
		Release|Any CPU = Release|Any CPU
	EndGlobalSection
	GlobalSection(ProjectConfigurationPlatforms) = postSolution
		{087E2BDC-B071-4F3A-B0EB-5095B5FF12DE}.Debug|Any CPU.ActiveCfg = Debug|Any CPU
		{087E2BDC-B071-4F3A-B0EB-5095B5FF12DE}.Debug|Any CPU.Build.0 = Debug|Any CPU
		{087E2BDC-B071-4F3A-B0EB-5095B5FF12DE}.Release|Any CPU.ActiveCfg = Release|Any CPU
		{087E2BDC-B071-4F3A-B0EB-5095B5FF12DE}.Release|Any CPU.Build.0 = Release|Any CPU
	EndGlobalSection
	GlobalSection(SolutionProperties) = preSolution
		HideSolutionNode = FALSE
	EndGlobalSection
	GlobalSection(ExtensibilityGlobals) = postSolution
		SolutionGuid = {924F2A3E-6D7E-466F-AF8B-4CB6470E284C}
	EndGlobalSection
EndGlobal
